
Microsoft Visual Studio Solution File, Format Version 12.00
# Visual Studio 2012
Project("{FAE04EC0-301F-11D3-BF4B-00C04F79EFBC}") = "1. FourMatrixes", "1. FourMatrixes\1. FourMatrixes.csproj", "{FA4652CA-B28B-41CA-B559-FAAF51579E78}"
EndProject
Project("{FAE04EC0-301F-11D3-BF4B-00C04F79EFBC}") = "2. SquareWithMaxSum", "2. SquareWithMaxSum\2. SquareWithMaxSum.csproj", "{C4C879BF-0E08-4379-92DB-36E317ED0FAB}"
EndProject
Project("{FAE04EC0-301F-11D3-BF4B-00C04F79EFBC}") = "3. SequencesInTheMatrix", "3. SequencesInTheMatrix\3. SequencesInTheMatrix.csproj", "{5BFEB02B-7C36-4DD6-BDC9-E9E67D2C15A2}"
EndProject
Project("{FAE04EC0-301F-11D3-BF4B-00C04F79EFBC}") = "4. SortAndFindLargestLessOrEqualThanK", "4. SortAndFindLargestLessOrEqualThanK\4. SortAndFindLargestLessOrEqualThanK.csproj", "{C0E65C51-5DE4-4E38-BF9B-20213138FC0C}"
EndProject
Project("{FAE04EC0-301F-11D3-BF4B-00C04F79EFBC}") = "5. SortArrayOfStringsByLength", "5. SortArrayOfStringsByLength\5. SortArrayOfStringsByLength.csproj", "{B3E53F16-AD99-4C58-BF73-2C56865C6582}"
EndProject
Project("{FAE04EC0-301F-11D3-BF4B-00C04F79EFBC}") = "6. Matrix", "6. Matrix\6. Matrix.csproj", "{B899B903-D500-47CC-8779-0CF4279A0230}"
EndProject
Project("{FAE04EC0-301F-11D3-BF4B-00C04F79EFBC}") = "7. DFSorBFS", "7. DFSorBFS\7. DFSorBFS.csproj", "{579A4F5E-6497-49D6-82E1-323D9E91164D}"
EndProject
Global
	GlobalSection(SolutionConfigurationPlatforms) = preSolution
		Debug|Any CPU = Debug|Any CPU
		Release|Any CPU = Release|Any CPU
	EndGlobalSection
	GlobalSection(ProjectConfigurationPlatforms) = postSolution
		{FA4652CA-B28B-41CA-B559-FAAF51579E78}.Debug|Any CPU.ActiveCfg = Debug|Any CPU
		{FA4652CA-B28B-41CA-B559-FAAF51579E78}.Debug|Any CPU.Build.0 = Debug|Any CPU
		{FA4652CA-B28B-41CA-B559-FAAF51579E78}.Release|Any CPU.ActiveCfg = Release|Any CPU
		{FA4652CA-B28B-41CA-B559-FAAF51579E78}.Release|Any CPU.Build.0 = Release|Any CPU
		{C4C879BF-0E08-4379-92DB-36E317ED0FAB}.Debug|Any CPU.ActiveCfg = Debug|Any CPU
		{C4C879BF-0E08-4379-92DB-36E317ED0FAB}.Debug|Any CPU.Build.0 = Debug|Any CPU
		{C4C879BF-0E08-4379-92DB-36E317ED0FAB}.Release|Any CPU.ActiveCfg = Release|Any CPU
		{C4C879BF-0E08-4379-92DB-36E317ED0FAB}.Release|Any CPU.Build.0 = Release|Any CPU
		{5BFEB02B-7C36-4DD6-BDC9-E9E67D2C15A2}.Debug|Any CPU.ActiveCfg = Debug|Any CPU
		{5BFEB02B-7C36-4DD6-BDC9-E9E67D2C15A2}.Debug|Any CPU.Build.0 = Debug|Any CPU
		{5BFEB02B-7C36-4DD6-BDC9-E9E67D2C15A2}.Release|Any CPU.ActiveCfg = Release|Any CPU
		{5BFEB02B-7C36-4DD6-BDC9-E9E67D2C15A2}.Release|Any CPU.Build.0 = Release|Any CPU
		{C0E65C51-5DE4-4E38-BF9B-20213138FC0C}.Debug|Any CPU.ActiveCfg = Debug|Any CPU
		{C0E65C51-5DE4-4E38-BF9B-20213138FC0C}.Debug|Any CPU.Build.0 = Debug|Any CPU
		{C0E65C51-5DE4-4E38-BF9B-20213138FC0C}.Release|Any CPU.ActiveCfg = Release|Any CPU
		{C0E65C51-5DE4-4E38-BF9B-20213138FC0C}.Release|Any CPU.Build.0 = Release|Any CPU
		{B3E53F16-AD99-4C58-BF73-2C56865C6582}.Debug|Any CPU.ActiveCfg = Debug|Any CPU
		{B3E53F16-AD99-4C58-BF73-2C56865C6582}.Debug|Any CPU.Build.0 = Debug|Any CPU
		{B3E53F16-AD99-4C58-BF73-2C56865C6582}.Release|Any CPU.ActiveCfg = Release|Any CPU
		{B3E53F16-AD99-4C58-BF73-2C56865C6582}.Release|Any CPU.Build.0 = Release|Any CPU
		{B899B903-D500-47CC-8779-0CF4279A0230}.Debug|Any CPU.ActiveCfg = Debug|Any CPU
		{B899B903-D500-47CC-8779-0CF4279A0230}.Debug|Any CPU.Build.0 = Debug|Any CPU
		{B899B903-D500-47CC-8779-0CF4279A0230}.Release|Any CPU.ActiveCfg = Release|Any CPU
		{B899B903-D500-47CC-8779-0CF4279A0230}.Release|Any CPU.Build.0 = Release|Any CPU
		{579A4F5E-6497-49D6-82E1-323D9E91164D}.Debug|Any CPU.ActiveCfg = Debug|Any CPU
		{579A4F5E-6497-49D6-82E1-323D9E91164D}.Debug|Any CPU.Build.0 = Debug|Any CPU
		{579A4F5E-6497-49D6-82E1-323D9E91164D}.Release|Any CPU.ActiveCfg = Release|Any CPU
		{579A4F5E-6497-49D6-82E1-323D9E91164D}.Release|Any CPU.Build.0 = Release|Any CPU
	EndGlobalSection
	GlobalSection(SolutionProperties) = preSolution
		HideSolutionNode = FALSE
	EndGlobalSection
EndGlobal
